
Microsoft Visual Studio Solution File, Format Version 12.00
# Visual Studio 15
VisualStudioVersion = 15.0.28010.2026
MinimumVisualStudioVersion = 10.0.40219.1
Project("{FAE04EC0-301F-11D3-BF4B-00C04F79EFBC}") = "IDP_KnockoutBookCatalog", "IDP_KnockoutBookCatalog\IDP_KnockoutBookCatalog.csproj", "{414DC8D7-A9EA-43E0-A244-4D4B063E5787}"
EndProject
Global
	GlobalSection(SolutionConfigurationPlatforms) = preSolution
		Debug|Any CPU = Debug|Any CPU
		Release|Any CPU = Release|Any CPU
	EndGlobalSection
	GlobalSection(ProjectConfigurationPlatforms) = postSolution
		{414DC8D7-A9EA-43E0-A244-4D4B063E5787}.Debug|Any CPU.ActiveCfg = Debug|Any CPU
		{414DC8D7-A9EA-43E0-A244-4D4B063E5787}.Debug|Any CPU.Build.0 = Debug|Any CPU
		{414DC8D7-A9EA-43E0-A244-4D4B063E5787}.Release|Any CPU.ActiveCfg = Release|Any CPU
		{414DC8D7-A9EA-43E0-A244-4D4B063E5787}.Release|Any CPU.Build.0 = Release|Any CPU
	EndGlobalSection
	GlobalSection(SolutionProperties) = preSolution
		HideSolutionNode = FALSE
	EndGlobalSection
	GlobalSection(ExtensibilityGlobals) = postSolution
		SolutionGuid = {FD42F43D-085F-4524-B932-2B17966DA8BE}
	EndGlobalSection
EndGlobal
